
Microsoft Visual Studio Solution File, Format Version 12.00
# Visual Studio Version 17
VisualStudioVersion = 17.2.32616.157
MinimumVisualStudioVersion = 10.0.40219.1
Project("{FAE04EC0-301F-11D3-BF4B-00C04F79EFBC}") = "NewTraining", "NewTraining.csproj", "{882AEBD1-D3D8-4D52-8C2D-E0534CDF495F}"
EndProject
Global
	GlobalSection(SolutionConfigurationPlatforms) = preSolution
		Debug|Any CPU = Debug|Any CPU
		Release|Any CPU = Release|Any CPU
	EndGlobalSection
	GlobalSection(ProjectConfigurationPlatforms) = postSolution
		{882AEBD1-D3D8-4D52-8C2D-E0534CDF495F}.Debug|Any CPU.ActiveCfg = Debug|Any CPU
		{882AEBD1-D3D8-4D52-8C2D-E0534CDF495F}.Debug|Any CPU.Build.0 = Debug|Any CPU
		{882AEBD1-D3D8-4D52-8C2D-E0534CDF495F}.Release|Any CPU.ActiveCfg = Release|Any CPU
		{882AEBD1-D3D8-4D52-8C2D-E0534CDF495F}.Release|Any CPU.Build.0 = Release|Any CPU
	EndGlobalSection
	GlobalSection(SolutionProperties) = preSolution
		HideSolutionNode = FALSE
	EndGlobalSection
	GlobalSection(ExtensibilityGlobals) = postSolution
		SolutionGuid = {3597559E-D0AD-4C40-9F08-303BFBE8ECB9}
	EndGlobalSection
EndGlobal
